
Microsoft Visual Studio Solution File, Format Version 12.00
# Visual Studio 14
VisualStudioVersion = 14.0.25420.1
MinimumVisualStudioVersion = 10.0.40219.1
Project("{FAE04EC0-301F-11D3-BF4B-00C04F79EFBC}") = "NetBitz.Weaver", "NetBitz.Weaver\NetBitz.Weaver.csproj", "{AEEB4B1A-CD17-410C-8F1B-8C2CB7993711}"
EndProject
Project("{FAE04EC0-301F-11D3-BF4B-00C04F79EFBC}") = "NetBitz.Weaver.CmdLine", "NetBitz.Weaver.CmdLine\NetBitz.Weaver.CmdLine.csproj", "{3072CF6D-1985-43F7-A623-606B73ACDC1D}"
EndProject
Project("{2150E333-8FDC-42A3-9474-1A3956D46DE8}") = "Libraries", "Libraries", "{8BD729AE-8A63-4852-B7F2-A13F028A7D83}"
EndProject
Project("{FAE04EC0-301F-11D3-BF4B-00C04F79EFBC}") = "dnlib", "..\Libraries\dnlib\dnlib.csproj", "{FDFC1237-143F-4919-8318-4926901F4639}"
EndProject
Project("{2150E333-8FDC-42A3-9474-1A3956D46DE8}") = "Layers", "Layers", "{C2D56875-BFE3-4D0D-BE0A-97875EA3A5F0}"
EndProject
Project("{2150E333-8FDC-42A3-9474-1A3956D46DE8}") = "Shields", "Shields", "{1987ADB4-26A7-4952-AEDE-FCD1FD301F37}"
EndProject
Project("{FAE04EC0-301F-11D3-BF4B-00C04F79EFBC}") = "IronShield", "IronShield\IronShield.csproj", "{F0FAA597-76BE-4B9C-8197-5D995382B101}"
EndProject
Project("{FAE04EC0-301F-11D3-BF4B-00C04F79EFBC}") = "NetBitzWeaver.Protections.Stock", "NetBitzWeaver.Protections.Stock\NetBitzWeaver.Protections.Stock.csproj", "{D0743E9D-4DDF-42B7-82CC-D53CF17319F6}"
EndProject
Global
	GlobalSection(SolutionConfigurationPlatforms) = preSolution
		Debug|Any CPU = Debug|Any CPU
		Release|Any CPU = Release|Any CPU
	EndGlobalSection
	GlobalSection(ProjectConfigurationPlatforms) = postSolution
		{AEEB4B1A-CD17-410C-8F1B-8C2CB7993711}.Debug|Any CPU.ActiveCfg = Debug|Any CPU
		{AEEB4B1A-CD17-410C-8F1B-8C2CB7993711}.Debug|Any CPU.Build.0 = Debug|Any CPU
		{AEEB4B1A-CD17-410C-8F1B-8C2CB7993711}.Release|Any CPU.ActiveCfg = Release|Any CPU
		{AEEB4B1A-CD17-410C-8F1B-8C2CB7993711}.Release|Any CPU.Build.0 = Release|Any CPU
		{3072CF6D-1985-43F7-A623-606B73ACDC1D}.Debug|Any CPU.ActiveCfg = Debug|Any CPU
		{3072CF6D-1985-43F7-A623-606B73ACDC1D}.Debug|Any CPU.Build.0 = Debug|Any CPU
		{3072CF6D-1985-43F7-A623-606B73ACDC1D}.Release|Any CPU.ActiveCfg = Release|Any CPU
		{3072CF6D-1985-43F7-A623-606B73ACDC1D}.Release|Any CPU.Build.0 = Release|Any CPU
		{FDFC1237-143F-4919-8318-4926901F4639}.Debug|Any CPU.ActiveCfg = Debug|Any CPU
		{FDFC1237-143F-4919-8318-4926901F4639}.Debug|Any CPU.Build.0 = Debug|Any CPU
		{FDFC1237-143F-4919-8318-4926901F4639}.Release|Any CPU.ActiveCfg = Release|Any CPU
		{FDFC1237-143F-4919-8318-4926901F4639}.Release|Any CPU.Build.0 = Release|Any CPU
		{F0FAA597-76BE-4B9C-8197-5D995382B101}.Debug|Any CPU.ActiveCfg = Debug|Any CPU
		{F0FAA597-76BE-4B9C-8197-5D995382B101}.Debug|Any CPU.Build.0 = Debug|Any CPU
		{F0FAA597-76BE-4B9C-8197-5D995382B101}.Release|Any CPU.ActiveCfg = Release|Any CPU
		{F0FAA597-76BE-4B9C-8197-5D995382B101}.Release|Any CPU.Build.0 = Release|Any CPU
		{D0743E9D-4DDF-42B7-82CC-D53CF17319F6}.Debug|Any CPU.ActiveCfg = Debug|Any CPU
		{D0743E9D-4DDF-42B7-82CC-D53CF17319F6}.Debug|Any CPU.Build.0 = Debug|Any CPU
		{D0743E9D-4DDF-42B7-82CC-D53CF17319F6}.Release|Any CPU.ActiveCfg = Release|Any CPU
		{D0743E9D-4DDF-42B7-82CC-D53CF17319F6}.Release|Any CPU.Build.0 = Release|Any CPU
	EndGlobalSection
	GlobalSection(SolutionProperties) = preSolution
		HideSolutionNode = FALSE
	EndGlobalSection
	GlobalSection(NestedProjects) = preSolution
		{FDFC1237-143F-4919-8318-4926901F4639} = {8BD729AE-8A63-4852-B7F2-A13F028A7D83}
		{1987ADB4-26A7-4952-AEDE-FCD1FD301F37} = {C2D56875-BFE3-4D0D-BE0A-97875EA3A5F0}
		{F0FAA597-76BE-4B9C-8197-5D995382B101} = {1987ADB4-26A7-4952-AEDE-FCD1FD301F37}
	EndGlobalSection
EndGlobal
